
Microsoft Visual Studio Solution File, Format Version 12.00
# Visual Studio 2012
Project("{FAE04EC0-301F-11D3-BF4B-00C04F79EFBC}") = "TrueCraft", "TrueCraft\TrueCraft.csproj", "{C1C47EF5-2D8A-4231-AAA8-F651F52F480E}"
EndProject
Project("{FAE04EC0-301F-11D3-BF4B-00C04F79EFBC}") = "TrueCraft.API", "TrueCraft.API\TrueCraft.API.csproj", "{FEE55B54-91B0-4325-A2C3-D576C0B7A81F}"
EndProject
Project("{FAE04EC0-301F-11D3-BF4B-00C04F79EFBC}") = "TrueCraft.Core", "TrueCraft.Core\TrueCraft.Core.csproj", "{FA4BE9A3-DBF0-4380-BA2B-FFAA71C4706D}"
EndProject
Project("{FAE04EC0-301F-11D3-BF4B-00C04F79EFBC}") = "fNbt", "externals\fNbt\fNbt\fNbt.csproj", "{4488498D-976D-4DA3-BF72-109531AF0488}"
EndProject
Global
	GlobalSection(SolutionConfigurationPlatforms) = preSolution
		Debug|x86 = Debug|x86
		Release|x86 = Release|x86
		Debug|x64 = Debug|x64
		Release|x64 = Release|x64
	EndGlobalSection
	GlobalSection(ProjectConfigurationPlatforms) = postSolution
		{4488498D-976D-4DA3-BF72-109531AF0488}.Debug|x64.ActiveCfg = Debug|Any CPU
		{4488498D-976D-4DA3-BF72-109531AF0488}.Debug|x64.Build.0 = Debug|Any CPU
		{4488498D-976D-4DA3-BF72-109531AF0488}.Debug|x86.ActiveCfg = Debug|Any CPU
		{4488498D-976D-4DA3-BF72-109531AF0488}.Debug|x86.Build.0 = Debug|Any CPU
		{4488498D-976D-4DA3-BF72-109531AF0488}.Release|x64.ActiveCfg = Release|Any CPU
		{4488498D-976D-4DA3-BF72-109531AF0488}.Release|x64.Build.0 = Release|Any CPU
		{4488498D-976D-4DA3-BF72-109531AF0488}.Release|x86.ActiveCfg = Release|Any CPU
		{4488498D-976D-4DA3-BF72-109531AF0488}.Release|x86.Build.0 = Release|Any CPU
		{C1C47EF5-2D8A-4231-AAA8-F651F52F480E}.Debug|x64.ActiveCfg = Debug|x86
		{C1C47EF5-2D8A-4231-AAA8-F651F52F480E}.Debug|x64.Build.0 = Debug|x86
		{C1C47EF5-2D8A-4231-AAA8-F651F52F480E}.Debug|x86.ActiveCfg = Debug|x86
		{C1C47EF5-2D8A-4231-AAA8-F651F52F480E}.Debug|x86.Build.0 = Debug|x86
		{C1C47EF5-2D8A-4231-AAA8-F651F52F480E}.Release|x64.ActiveCfg = Release|x86
		{C1C47EF5-2D8A-4231-AAA8-F651F52F480E}.Release|x64.Build.0 = Release|x86
		{C1C47EF5-2D8A-4231-AAA8-F651F52F480E}.Release|x86.ActiveCfg = Release|x86
		{C1C47EF5-2D8A-4231-AAA8-F651F52F480E}.Release|x86.Build.0 = Release|x86
		{FA4BE9A3-DBF0-4380-BA2B-FFAA71C4706D}.Debug|x64.ActiveCfg = Debug|Any CPU
		{FA4BE9A3-DBF0-4380-BA2B-FFAA71C4706D}.Debug|x64.Build.0 = Debug|Any CPU
		{FA4BE9A3-DBF0-4380-BA2B-FFAA71C4706D}.Debug|x86.ActiveCfg = Debug|Any CPU
		{FA4BE9A3-DBF0-4380-BA2B-FFAA71C4706D}.Debug|x86.Build.0 = Debug|Any CPU
		{FA4BE9A3-DBF0-4380-BA2B-FFAA71C4706D}.Release|x64.ActiveCfg = Release|Any CPU
		{FA4BE9A3-DBF0-4380-BA2B-FFAA71C4706D}.Release|x64.Build.0 = Release|Any CPU
		{FA4BE9A3-DBF0-4380-BA2B-FFAA71C4706D}.Release|x86.ActiveCfg = Release|Any CPU
		{FA4BE9A3-DBF0-4380-BA2B-FFAA71C4706D}.Release|x86.Build.0 = Release|Any CPU
		{FEE55B54-91B0-4325-A2C3-D576C0B7A81F}.Debug|x64.ActiveCfg = Debug|Any CPU
		{FEE55B54-91B0-4325-A2C3-D576C0B7A81F}.Debug|x64.Build.0 = Debug|Any CPU
		{FEE55B54-91B0-4325-A2C3-D576C0B7A81F}.Debug|x86.ActiveCfg = Debug|Any CPU
		{FEE55B54-91B0-4325-A2C3-D576C0B7A81F}.Debug|x86.Build.0 = Debug|Any CPU
		{FEE55B54-91B0-4325-A2C3-D576C0B7A81F}.Release|x64.ActiveCfg = Release|Any CPU
		{FEE55B54-91B0-4325-A2C3-D576C0B7A81F}.Release|x64.Build.0 = Release|Any CPU
		{FEE55B54-91B0-4325-A2C3-D576C0B7A81F}.Release|x86.ActiveCfg = Release|Any CPU
		{FEE55B54-91B0-4325-A2C3-D576C0B7A81F}.Release|x86.Build.0 = Release|Any CPU
	EndGlobalSection
	GlobalSection(MonoDevelopProperties) = preSolution
		StartupItem = TrueCraft\TrueCraft.csproj
	EndGlobalSection
EndGlobal
